
Microsoft Visual Studio Solution File, Format Version 12.00
# Visual Studio Version 17
VisualStudioVersion = 17.10.35013.160
MinimumVisualStudioVersion = 10.0.40219.1
Project("{FAE04EC0-301F-11D3-BF4B-00C04F79EFBC}") = "EF_Session4", "EF_Session4\EF_Session4.csproj", "{8F63D0FF-1D04-4472-867D-E27839BEC64F}"
EndProject
Project("{FAE04EC0-301F-11D3-BF4B-00C04F79EFBC}") = "DataBaseFirst", "DataBaseFirst\DataBaseFirst.csproj", "{73B7C907-4231-47B6-B43C-C2186B2008D0}"
EndProject
Global
	GlobalSection(SolutionConfigurationPlatforms) = preSolution
		Debug|Any CPU = Debug|Any CPU
		Release|Any CPU = Release|Any CPU
	EndGlobalSection
	GlobalSection(ProjectConfigurationPlatforms) = postSolution
		{8F63D0FF-1D04-4472-867D-E27839BEC64F}.Debug|Any CPU.ActiveCfg = Debug|Any CPU
		{8F63D0FF-1D04-4472-867D-E27839BEC64F}.Debug|Any CPU.Build.0 = Debug|Any CPU
		{8F63D0FF-1D04-4472-867D-E27839BEC64F}.Release|Any CPU.ActiveCfg = Release|Any CPU
		{8F63D0FF-1D04-4472-867D-E27839BEC64F}.Release|Any CPU.Build.0 = Release|Any CPU
		{73B7C907-4231-47B6-B43C-C2186B2008D0}.Debug|Any CPU.ActiveCfg = Debug|Any CPU
		{73B7C907-4231-47B6-B43C-C2186B2008D0}.Debug|Any CPU.Build.0 = Debug|Any CPU
		{73B7C907-4231-47B6-B43C-C2186B2008D0}.Release|Any CPU.ActiveCfg = Release|Any CPU
		{73B7C907-4231-47B6-B43C-C2186B2008D0}.Release|Any CPU.Build.0 = Release|Any CPU
	EndGlobalSection
	GlobalSection(SolutionProperties) = preSolution
		HideSolutionNode = FALSE
	EndGlobalSection
	GlobalSection(ExtensibilityGlobals) = postSolution
		SolutionGuid = {D1F6EA5C-EA5D-4107-B46A-B7C81B1C8BCD}
	EndGlobalSection
EndGlobal
